// !$*UTF8*$!
{
	archiveVersion = 1;
	classes = {
	};
	objectVersion = 50;
	objects = {

/* Begin PBXBuildFile section */
		DF060A58256C4DC500F69CAE /* UIBookmark.swift in Sources */ = {isa = PBXBuildFile; fileRef = DF060A57256C4DC500F69CAE /* UIBookmark.swift */; };
		DF3130922550B31700E40993 /* Post.swift in Sources */ = {isa = PBXBuildFile; fileRef = DF31308A2550B31700E40993 /* Post.swift */; };
		DF3130932550B31700E40993 /* HTTPRequester.swift in Sources */ = {isa = PBXBuildFile; fileRef = DF31308C2550B31700E40993 /* HTTPRequester.swift */; };
		DF3130942550B31700E40993 /* PersistenceManager.swift in Sources */ = {isa = PBXBuildFile; fileRef = DF31308D2550B31700E40993 /* PersistenceManager.swift */; };
		DF3130952550B31700E40993 /* Repository.swift in Sources */ = {isa = PBXBuildFile; fileRef = DF31308E2550B31700E40993 /* Repository.swift */; };
		DF3130962550B31700E40993 /* HTTPService.swift in Sources */ = {isa = PBXBuildFile; fileRef = DF31308F2550B31700E40993 /* HTTPService.swift */; };
		DF3130972550B31700E40993 /* UseCase.swift in Sources */ = {isa = PBXBuildFile; fileRef = DF3130912550B31700E40993 /* UseCase.swift */; };
		DF48B6CE25614F5B00950D7F /* JSONService.swift in Sources */ = {isa = PBXBuildFile; fileRef = DF48B6CD25614F5B00950D7F /* JSONService.swift */; };
		DFCBF6A1255FFDE100CD1A2C /* PostTableViewController.swift in Sources */ = {isa = PBXBuildFile; fileRef = DFCBF6A0255FFDE100CD1A2C /* PostTableViewController.swift */; };
		DFCBF6A4255FFE0C00CD1A2C /* PostTableViewCell.swift in Sources */ = {isa = PBXBuildFile; fileRef = DFCBF6A3255FFE0C00CD1A2C /* PostTableViewCell.swift */; };
		DFD23ED52551817400583AB1 /* MyViewModel.swift in Sources */ = {isa = PBXBuildFile; fileRef = DFD23ED42551817400583AB1 /* MyViewModel.swift */; };
		DFF5A376254F06020011D7DC /* AppDelegate.swift in Sources */ = {isa = PBXBuildFile; fileRef = DFF5A375254F06020011D7DC /* AppDelegate.swift */; };
		DFF5A378254F06020011D7DC /* SceneDelegate.swift in Sources */ = {isa = PBXBuildFile; fileRef = DFF5A377254F06020011D7DC /* SceneDelegate.swift */; };
		DFF5A37A254F06020011D7DC /* ViewController.swift in Sources */ = {isa = PBXBuildFile; fileRef = DFF5A379254F06020011D7DC /* ViewController.swift */; };
		DFF5A37D254F06020011D7DC /* Main.storyboard in Resources */ = {isa = PBXBuildFile; fileRef = DFF5A37B254F06020011D7DC /* Main.storyboard */; };
		DFF5A37F254F06030011D7DC /* Assets.xcassets in Resources */ = {isa = PBXBuildFile; fileRef = DFF5A37E254F06030011D7DC /* Assets.xcassets */; };
		DFF5A382254F06030011D7DC /* LaunchScreen.storyboard in Resources */ = {isa = PBXBuildFile; fileRef = DFF5A380254F06030011D7DC /* LaunchScreen.storyboard */; };
/* End PBXBuildFile section */

/* Begin PBXFileReference section */
		DF060A57256C4DC500F69CAE /* UIBookmark.swift */ = {isa = PBXFileReference; lastKnownFileType = sourcecode.swift; path = UIBookmark.swift; sourceTree = "<group>"; };
		DF31308A2550B31700E40993 /* Post.swift */ = {isa = PBXFileReference; fileEncoding = 4; lastKnownFileType = sourcecode.swift; path = Post.swift; sourceTree = "<group>"; };
		DF31308C2550B31700E40993 /* HTTPRequester.swift */ = {isa = PBXFileReference; fileEncoding = 4; lastKnownFileType = sourcecode.swift; path = HTTPRequester.swift; sourceTree = "<group>"; };
		DF31308D2550B31700E40993 /* PersistenceManager.swift */ = {isa = PBXFileReference; fileEncoding = 4; lastKnownFileType = sourcecode.swift; path = PersistenceManager.swift; sourceTree = "<group>"; };
		DF31308E2550B31700E40993 /* Repository.swift */ = {isa = PBXFileReference; fileEncoding = 4; lastKnownFileType = sourcecode.swift; path = Repository.swift; sourceTree = "<group>"; };
		DF31308F2550B31700E40993 /* HTTPService.swift */ = {isa = PBXFileReference; fileEncoding = 4; lastKnownFileType = sourcecode.swift; path = HTTPService.swift; sourceTree = "<group>"; };
		DF3130912550B31700E40993 /* UseCase.swift */ = {isa = PBXFileReference; fileEncoding = 4; lastKnownFileType = sourcecode.swift; path = UseCase.swift; sourceTree = "<group>"; };
		DF48B6CD25614F5B00950D7F /* JSONService.swift */ = {isa = PBXFileReference; lastKnownFileType = sourcecode.swift; path = JSONService.swift; sourceTree = "<group>"; };
		DFCBF6A0255FFDE100CD1A2C /* PostTableViewController.swift */ = {isa = PBXFileReference; lastKnownFileType = sourcecode.swift; path = PostTableViewController.swift; sourceTree = "<group>"; };
		DFCBF6A3255FFE0C00CD1A2C /* PostTableViewCell.swift */ = {isa = PBXFileReference; lastKnownFileType = sourcecode.swift; path = PostTableViewCell.swift; sourceTree = "<group>"; };
		DFD23ED42551817400583AB1 /* MyViewModel.swift */ = {isa = PBXFileReference; lastKnownFileType = sourcecode.swift; path = MyViewModel.swift; sourceTree = "<group>"; };
		DFF5A372254F06020011D7DC /* AppTestBoiko.app */ = {isa = PBXFileReference; explicitFileType = wrapper.application; includeInIndex = 0; path = AppTestBoiko.app; sourceTree = BUILT_PRODUCTS_DIR; };
		DFF5A375254F06020011D7DC /* AppDelegate.swift */ = {isa = PBXFileReference; lastKnownFileType = sourcecode.swift; path = AppDelegate.swift; sourceTree = "<group>"; };
		DFF5A377254F06020011D7DC /* SceneDelegate.swift */ = {isa = PBXFileReference; lastKnownFileType = sourcecode.swift; path = SceneDelegate.swift; sourceTree = "<group>"; };
		DFF5A379254F06020011D7DC /* ViewController.swift */ = {isa = PBXFileReference; lastKnownFileType = sourcecode.swift; path = ViewController.swift; sourceTree = "<group>"; };
		DFF5A37C254F06020011D7DC /* Base */ = {isa = PBXFileReference; lastKnownFileType = file.storyboard; name = Base; path = Base.lproj/Main.storyboard; sourceTree = "<group>"; };
		DFF5A37E254F06030011D7DC /* Assets.xcassets */ = {isa = PBXFileReference; lastKnownFileType = folder.assetcatalog; path = Assets.xcassets; sourceTree = "<group>"; };
		DFF5A381254F06030011D7DC /* Base */ = {isa = PBXFileReference; lastKnownFileType = file.storyboard; name = Base; path = Base.lproj/LaunchScreen.storyboard; sourceTree = "<group>"; };
		DFF5A383254F06030011D7DC /* Info.plist */ = {isa = PBXFileReference; lastKnownFileType = text.plist.xml; path = Info.plist; sourceTree = "<group>"; };
/* End PBXFileReference section */

/* Begin PBXFrameworksBuildPhase section */
		DFF5A36F254F06020011D7DC /* Frameworks */ = {
			isa = PBXFrameworksBuildPhase;
			buildActionMask = 2147483647;
			files = (
			);
			runOnlyForDeploymentPostprocessing = 0;
		};
/* End PBXFrameworksBuildPhase section */

/* Begin PBXGroup section */
		DF31308B2550B31700E40993 /* Data */ = {
			isa = PBXGroup;
			children = (
				DF31308C2550B31700E40993 /* HTTPRequester.swift */,
				DF31308D2550B31700E40993 /* PersistenceManager.swift */,
				DF31308E2550B31700E40993 /* Repository.swift */,
				DF31308F2550B31700E40993 /* HTTPService.swift */,
				DF48B6CD25614F5B00950D7F /* JSONService.swift */,
			);
			path = Data;
			sourceTree = "<group>";
		};
		DF3130902550B31700E40993 /* Domain */ = {
			isa = PBXGroup;
			children = (
				DF3130912550B31700E40993 /* UseCase.swift */,
			);
			path = Domain;
			sourceTree = "<group>";
		};
		DFF5A369254F06020011D7DC = {
			isa = PBXGroup;
			children = (
				DFF5A374254F06020011D7DC /* AppTestBoiko */,
				DFF5A373254F06020011D7DC /* Products */,
			);
			sourceTree = "<group>";
		};
		DFF5A373254F06020011D7DC /* Products */ = {
			isa = PBXGroup;
			children = (
				DFF5A372254F06020011D7DC /* AppTestBoiko.app */,
			);
			name = Products;
			sourceTree = "<group>";
		};
		DFF5A374254F06020011D7DC /* AppTestBoiko */ = {
			isa = PBXGroup;
			children = (
				DF31308B2550B31700E40993 /* Data */,
				DF3130902550B31700E40993 /* Domain */,
				DF31308A2550B31700E40993 /* Post.swift */,
				DFF5A375254F06020011D7DC /* AppDelegate.swift */,
				DFF5A377254F06020011D7DC /* SceneDelegate.swift */,
				DFF5A379254F06020011D7DC /* ViewController.swift */,
				DFF5A37B254F06020011D7DC /* Main.storyboard */,
				DFF5A37E254F06030011D7DC /* Assets.xcassets */,
				DFF5A380254F06030011D7DC /* LaunchScreen.storyboard */,
				DFF5A383254F06030011D7DC /* Info.plist */,
				DFD23ED42551817400583AB1 /* MyViewModel.swift */,
				DFCBF6A0255FFDE100CD1A2C /* PostTableViewController.swift */,
				DFCBF6A3255FFE0C00CD1A2C /* PostTableViewCell.swift */,
				DF060A57256C4DC500F69CAE /* UIBookmark.swift */,
			);
			path = AppTestBoiko;
			sourceTree = "<group>";
		};
/* End PBXGroup section */

/* Begin PBXNativeTarget section */
		DFF5A371254F06020011D7DC /* AppTestBoiko */ = {
			isa = PBXNativeTarget;
			buildConfigurationList = DFF5A386254F06030011D7DC /* Build configuration list for PBXNativeTarget "AppTestBoiko" */;
			buildPhases = (
				DFF5A36E254F06020011D7DC /* Sources */,
				DFF5A36F254F06020011D7DC /* Frameworks */,
				DFF5A370254F06020011D7DC /* Resources */,
			);
			buildRules = (
			);
			dependencies = (
			);
			name = AppTestBoiko;
			productName = AppTestBoiko;
			productReference = DFF5A372254F06020011D7DC /* AppTestBoiko.app */;
			productType = "com.apple.product-type.application";
		};
/* End PBXNativeTarget section */

/* Begin PBXProject section */
		DFF5A36A254F06020011D7DC /* Project object */ = {
			isa = PBXProject;
			attributes = {
				LastSwiftUpdateCheck = 1200;
				LastUpgradeCheck = 1200;
				TargetAttributes = {
					DFF5A371254F06020011D7DC = {
						CreatedOnToolsVersion = 12.0.1;
					};
				};
			};
			buildConfigurationList = DFF5A36D254F06020011D7DC /* Build configuration list for PBXProject "AppTestBoiko" */;
			compatibilityVersion = "Xcode 9.3";
			developmentRegion = en;
			hasScannedForEncodings = 0;
			knownRegions = (
				en,
				Base,
			);
			mainGroup = DFF5A369254F06020011D7DC;
			productRefGroup = DFF5A373254F06020011D7DC /* Products */;
			projectDirPath = "";
			projectRoot = "";
			targets = (
				DFF5A371254F06020011D7DC /* AppTestBoiko */,
			);
		};
/* End PBXProject section */

/* Begin PBXResourcesBuildPhase section */
		DFF5A370254F06020011D7DC /* Resources */ = {
			isa = PBXResourcesBuildPhase;
			buildActionMask = 2147483647;
			files = (
				DFF5A382254F06030011D7DC /* LaunchScreen.storyboard in Resources */,
				DFF5A37F254F06030011D7DC /* Assets.xcassets in Resources */,
				DFF5A37D254F06020011D7DC /* Main.storyboard in Resources */,
			);
			runOnlyForDeploymentPostprocessing = 0;
		};
/* End PBXResourcesBuildPhase section */

/* Begin PBXSourcesBuildPhase section */
		DFF5A36E254F06020011D7DC /* Sources */ = {
			isa = PBXSourcesBuildPhase;
			buildActionMask = 2147483647;
			files = (
				DF48B6CE25614F5B00950D7F /* JSONService.swift in Sources */,
				DF3130952550B31700E40993 /* Repository.swift in Sources */,
				DF3130932550B31700E40993 /* HTTPRequester.swift in Sources */,
				DF060A58256C4DC500F69CAE /* UIBookmark.swift in Sources */,
				DFF5A37A254F06020011D7DC /* ViewController.swift in Sources */,
				DFF5A376254F06020011D7DC /* AppDelegate.swift in Sources */,
				DFD23ED52551817400583AB1 /* MyViewModel.swift in Sources */,
				DF3130942550B31700E40993 /* PersistenceManager.swift in Sources */,
				DF3130962550B31700E40993 /* HTTPService.swift in Sources */,
				DF3130972550B31700E40993 /* UseCase.swift in Sources */,
				DFCBF6A1255FFDE100CD1A2C /* PostTableViewController.swift in Sources */,
				DFF5A378254F06020011D7DC /* SceneDelegate.swift in Sources */,
				DF3130922550B31700E40993 /* Post.swift in Sources */,
				DFCBF6A4255FFE0C00CD1A2C /* PostTableViewCell.swift in Sources */,
			);
			runOnlyForDeploymentPostprocessing = 0;
		};
/* End PBXSourcesBuildPhase section */

/* Begin PBXVariantGroup section */
		DFF5A37B254F06020011D7DC /* Main.storyboard */ = {
			isa = PBXVariantGroup;
			children = (
				DFF5A37C254F06020011D7DC /* Base */,
			);
			name = Main.storyboard;
			sourceTree = "<group>";
		};
		DFF5A380254F06030011D7DC /* LaunchScreen.storyboard */ = {
			isa = PBXVariantGroup;
			children = (
				DFF5A381254F06030011D7DC /* Base */,
			);
			name = LaunchScreen.storyboard;
			sourceTree = "<group>";
		};
/* End PBXVariantGroup section */

/* Begin XCBuildConfiguration section */
		DFF5A384254F06030011D7DC /* Debug */ = {
			isa = XCBuildConfiguration;
			buildSettings = {
				ALWAYS_SEARCH_USER_PATHS = NO;
				CLANG_ANALYZER_NONNULL = YES;
				CLANG_ANALYZER_NUMBER_OBJECT_CONVERSION = YES_AGGRESSIVE;
				CLANG_CXX_LANGUAGE_STANDARD = "gnu++14";
				CLANG_CXX_LIBRARY = "libc++";
				CLANG_ENABLE_MODULES = YES;
				CLANG_ENABLE_OBJC_ARC = YES;
				CLANG_ENABLE_OBJC_WEAK = YES;
				CLANG_WARN_BLOCK_CAPTURE_AUTORELEASING = YES;
				CLANG_WARN_BOOL_CONVERSION = YES;
				CLANG_WARN_COMMA = YES;
				CLANG_WARN_CONSTANT_CONVERSION = YES;
				CLANG_WARN_DEPRECATED_OBJC_IMPLEMENTATIONS = YES;
				CLANG_WARN_DIRECT_OBJC_ISA_USAGE = YES_ERROR;
				CLANG_WARN_DOCUMENTATION_COMMENTS = YES;
				CLANG_WARN_EMPTY_BODY = YES;
				CLANG_WARN_ENUM_CONVERSION = YES;
				CLANG_WARN_INFINITE_RECURSION = YES;
				CLANG_WARN_INT_CONVERSION = YES;
				CLANG_WARN_NON_LITERAL_NULL_CONVERSION = YES;
				CLANG_WARN_OBJC_IMPLICIT_RETAIN_SELF = YES;
				CLANG_WARN_OBJC_LITERAL_CONVERSION = YES;
				CLANG_WARN_OBJC_ROOT_CLASS = YES_ERROR;
				CLANG_WARN_QUOTED_INCLUDE_IN_FRAMEWORK_HEADER = YES;
				CLANG_WARN_RANGE_LOOP_ANALYSIS = YES;
				CLANG_WARN_STRICT_PROTOTYPES = YES;
				CLANG_WARN_SUSPICIOUS_MOVE = YES;
				CLANG_WARN_UNGUARDED_AVAILABILITY = YES_AGGRESSIVE;
				CLANG_WARN_UNREACHABLE_CODE = YES;
				CLANG_WARN__DUPLICATE_METHOD_MATCH = YES;
				COPY_PHASE_STRIP = NO;
				DEBUG_INFORMATION_FORMAT = dwarf;
				ENABLE_STRICT_OBJC_MSGSEND = YES;
				ENABLE_TESTABILITY = YES;
				GCC_C_LANGUAGE_STANDARD = gnu11;
				GCC_DYNAMIC_NO_PIC = NO;
				GCC_NO_COMMON_BLOCKS = YES;
				GCC_OPTIMIZATION_LEVEL = 0;
				GCC_PREPROCESSOR_DEFINITIONS = (
					"DEBUG=1",
					"$(inherited)",
				);
				GCC_WARN_64_TO_32_BIT_CONVERSION = YES;
				GCC_WARN_ABOUT_RETURN_TYPE = YES_ERROR;
				GCC_WARN_UNDECLARED_SELECTOR = YES;
				GCC_WARN_UNINITIALIZED_AUTOS = YES_AGGRESSIVE;
				GCC_WARN_UNUSED_FUNCTION = YES;
				GCC_WARN_UNUSED_VARIABLE = YES;
				IPHONEOS_DEPLOYMENT_TARGET = 14.0;
				MTL_ENABLE_DEBUG_INFO = INCLUDE_SOURCE;
				MTL_FAST_MATH = YES;
				ONLY_ACTIVE_ARCH = YES;
				SDKROOT = iphoneos;
				SWIFT_ACTIVE_COMPILATION_CONDITIONS = DEBUG;
				SWIFT_OPTIMIZATION_LEVEL = "-Onone";
			};
			name = Debug;
		};
		DFF5A385254F06030011D7DC /* Release */ = {
			isa = XCBuildConfiguration;
			buildSettings = {
				ALWAYS_SEARCH_USER_PATHS = NO;
				CLANG_ANALYZER_NONNULL = YES;
				CLANG_ANALYZER_NUMBER_OBJECT_CONVERSION = YES_AGGRESSIVE;
				CLANG_CXX_LANGUAGE_STANDARD = "gnu++14";
				CLANG_CXX_LIBRARY = "libc++";
				CLANG_ENABLE_MODULES = YES;
				CLANG_ENABLE_OBJC_ARC = YES;
				CLANG_ENABLE_OBJC_WEAK = YES;
				CLANG_WARN_BLOCK_CAPTURE_AUTORELEASING = YES;
				CLANG_WARN_BOOL_CONVERSION = YES;
				CLANG_WARN_COMMA = YES;
				CLANG_WARN_CONSTANT_CONVERSION = YES;
				CLANG_WARN_DEPRECATED_OBJC_IMPLEMENTATIONS = YES;
				CLANG_WARN_DIRECT_OBJC_ISA_USAGE = YES_ERROR;
				CLANG_WARN_DOCUMENTATION_COMMENTS = YES;
				CLANG_WARN_EMPTY_BODY = YES;
				CLANG_WARN_ENUM_CONVERSION = YES;
				CLANG_WARN_INFINITE_RECURSION = YES;
				CLANG_WARN_INT_CONVERSION = YES;
				CLANG_WARN_NON_LITERAL_NULL_CONVERSION = YES;
				CLANG_WARN_OBJC_IMPLICIT_RETAIN_SELF = YES;
				CLANG_WARN_OBJC_LITERAL_CONVERSION = YES;
				CLANG_WARN_OBJC_ROOT_CLASS = YES_ERROR;
				CLANG_WARN_QUOTED_INCLUDE_IN_FRAMEWORK_HEADER = YES;
				CLANG_WARN_RANGE_LOOP_ANALYSIS = YES;
				CLANG_WARN_STRICT_PROTOTYPES = YES;
				CLANG_WARN_SUSPICIOUS_MOVE = YES;
				CLANG_WARN_UNGUARDED_AVAILABILITY = YES_AGGRESSIVE;
				CLANG_WARN_UNREACHABLE_CODE = YES;
				CLANG_WARN__DUPLICATE_METHOD_MATCH = YES;
				COPY_PHASE_STRIP = NO;
				DEBUG_INFORMATION_FORMAT = "dwarf-with-dsym";
				ENABLE_NS_ASSERTIONS = NO;
				ENABLE_STRICT_OBJC_MSGSEND = YES;
				GCC_C_LANGUAGE_STANDARD = gnu11;
				GCC_NO_COMMON_BLOCKS = YES;
				GCC_WARN_64_TO_32_BIT_CONVERSION = YES;
				GCC_WARN_ABOUT_RETURN_TYPE = YES_ERROR;
				GCC_WARN_UNDECLARED_SELECTOR = YES;
				GCC_WARN_UNINITIALIZED_AUTOS = YES_AGGRESSIVE;
				GCC_WARN_UNUSED_FUNCTION = YES;
				GCC_WARN_UNUSED_VARIABLE = YES;
				IPHONEOS_DEPLOYMENT_TARGET = 14.0;
				MTL_ENABLE_DEBUG_INFO = NO;
				MTL_FAST_MATH = YES;
				SDKROOT = iphoneos;
				SWIFT_COMPILATION_MODE = wholemodule;
				SWIFT_OPTIMIZATION_LEVEL = "-O";
				VALIDATE_PRODUCT = YES;
			};
			name = Release;
		};
		DFF5A387254F06030011D7DC /* Debug */ = {
			isa = XCBuildConfiguration;
			buildSettings = {
				ASSETCATALOG_COMPILER_APPICON_NAME = AppIcon;
				ASSETCATALOG_COMPILER_GLOBAL_ACCENT_COLOR_NAME = AccentColor;
				CODE_SIGN_STYLE = Automatic;
				DEVELOPMENT_TEAM = NR5L3Y36QV;
				INFOPLIST_FILE = AppTestBoiko/Info.plist;
				IPHONEOS_DEPLOYMENT_TARGET = 14.1;
				LD_RUNPATH_SEARCH_PATHS = (
					"$(inherited)",
					"@executable_path/Frameworks",
				);
				PRODUCT_BUNDLE_IDENTIFIER = Boiko.AppTestBoiko;
				PRODUCT_NAME = "$(TARGET_NAME)";
				SWIFT_VERSION = 5.0;
				TARGETED_DEVICE_FAMILY = 1;
			};
			name = Debug;
		};
		DFF5A388254F06030011D7DC /* Release */ = {
			isa = XCBuildConfiguration;
			buildSettings = {
				ASSETCATALOG_COMPILER_APPICON_NAME = AppIcon;
				ASSETCATALOG_COMPILER_GLOBAL_ACCENT_COLOR_NAME = AccentColor;
				CODE_SIGN_STYLE = Automatic;
				DEVELOPMENT_TEAM = NR5L3Y36QV;
				INFOPLIST_FILE = AppTestBoiko/Info.plist;
				IPHONEOS_DEPLOYMENT_TARGET = 14.1;
				LD_RUNPATH_SEARCH_PATHS = (
					"$(inherited)",
					"@executable_path/Frameworks",
				);
				PRODUCT_BUNDLE_IDENTIFIER = Boiko.AppTestBoiko;
				PRODUCT_NAME = "$(TARGET_NAME)";
				SWIFT_VERSION = 5.0;
				TARGETED_DEVICE_FAMILY = 1;
			};
			name = Release;
		};
/* End XCBuildConfiguration section */

/* Begin XCConfigurationList section */
		DFF5A36D254F06020011D7DC /* Build configuration list for PBXProject "AppTestBoiko" */ = {
			isa = XCConfigurationList;
			buildConfigurations = (
				DFF5A384254F06030011D7DC /* Debug */,
				DFF5A385254F06030011D7DC /* Release */,
			);
			defaultConfigurationIsVisible = 0;
			defaultConfigurationName = Release;
		};
		DFF5A386254F06030011D7DC /* Build configuration list for PBXNativeTarget "AppTestBoiko" */ = {
			isa = XCConfigurationList;
			buildConfigurations = (
				DFF5A387254F06030011D7DC /* Debug */,
				DFF5A388254F06030011D7DC /* Release */,
			);
			defaultConfigurationIsVisible = 0;
			defaultConfigurationName = Release;
		};
/* End XCConfigurationList section */
	};
	rootObject = DFF5A36A254F06020011D7DC /* Project object */;
}
